// !$*UTF8*$!
{
	archiveVersion = 1;
	classes = {
	};
	objectVersion = 50;
	objects = {

/* Begin PBXBuildFile section */
		30E8BDEC21B4C5AD00791C1E /* AppDelegate.swift in Sources */ = {isa = PBXBuildFile; fileRef = 30E8BDEB21B4C5AD00791C1E /* AppDelegate.swift */; };
		30E8BDEE21B4C5AD00791C1E /* ViewController.swift in Sources */ = {isa = PBXBuildFile; fileRef = 30E8BDED21B4C5AD00791C1E /* ViewController.swift */; };
		30E8BDF121B4C5AD00791C1E /* Main.storyboard in Resources */ = {isa = PBXBuildFile; fileRef = 30E8BDEF21B4C5AD00791C1E /* Main.storyboard */; };
		30E8BDF321B4C5AE00791C1E /* Assets.xcassets in Resources */ = {isa = PBXBuildFile; fileRef = 30E8BDF221B4C5AE00791C1E /* Assets.xcassets */; };
		30E8BDF621B4C5AE00791C1E /* LaunchScreen.storyboard in Resources */ = {isa = PBXBuildFile; fileRef = 30E8BDF421B4C5AE00791C1E /* LaunchScreen.storyboard */; };
		30E8BDFE21B4DB1B00791C1E /* LoginViewController.swift in Sources */ = {isa = PBXBuildFile; fileRef = 30E8BDFD21B4DB1B00791C1E /* LoginViewController.swift */; };
		30E8BE0021B4F30800791C1E /* TeamsTableViewController.swift in Sources */ = {isa = PBXBuildFile; fileRef = 30E8BDFF21B4F30800791C1E /* TeamsTableViewController.swift */; };
		30E8BE0221B5189800791C1E /* QuestionCell.swift in Sources */ = {isa = PBXBuildFile; fileRef = 30E8BE0121B5189800791C1E /* QuestionCell.swift */; };
		30E8BE0421B519FB00791C1E /* Result.swift in Sources */ = {isa = PBXBuildFile; fileRef = 30E8BE0321B519FB00791C1E /* Result.swift */; };
		30E8BE0821B51E0F00791C1E /* SurveyTableViewController.swift in Sources */ = {isa = PBXBuildFile; fileRef = 30E8BE0721B51E0E00791C1E /* SurveyTableViewController.swift */; };
		52A8891EDE973CAC9FC564BC /* Pods_ICPApp.framework in Frameworks */ = {isa = PBXBuildFile; fileRef = 9A883D5D1337EF56910EACF5 /* Pods_ICPApp.framework */; };
/* End PBXBuildFile section */

/* Begin PBXFileReference section */
		30E8BDE821B4C5AD00791C1E /* ICPApp.app */ = {isa = PBXFileReference; explicitFileType = wrapper.application; includeInIndex = 0; path = ICPApp.app; sourceTree = BUILT_PRODUCTS_DIR; };
		30E8BDEB21B4C5AD00791C1E /* AppDelegate.swift */ = {isa = PBXFileReference; lastKnownFileType = sourcecode.swift; path = AppDelegate.swift; sourceTree = "<group>"; };
		30E8BDED21B4C5AD00791C1E /* ViewController.swift */ = {isa = PBXFileReference; lastKnownFileType = sourcecode.swift; path = ViewController.swift; sourceTree = "<group>"; };
		30E8BDF021B4C5AD00791C1E /* Base */ = {isa = PBXFileReference; lastKnownFileType = file.storyboard; name = Base; path = Base.lproj/Main.storyboard; sourceTree = "<group>"; };
		30E8BDF221B4C5AE00791C1E /* Assets.xcassets */ = {isa = PBXFileReference; lastKnownFileType = folder.assetcatalog; path = Assets.xcassets; sourceTree = "<group>"; };
		30E8BDF521B4C5AE00791C1E /* Base */ = {isa = PBXFileReference; lastKnownFileType = file.storyboard; name = Base; path = Base.lproj/LaunchScreen.storyboard; sourceTree = "<group>"; };
		30E8BDF721B4C5AE00791C1E /* Info.plist */ = {isa = PBXFileReference; lastKnownFileType = text.plist.xml; path = Info.plist; sourceTree = "<group>"; };
		30E8BDFD21B4DB1B00791C1E /* LoginViewController.swift */ = {isa = PBXFileReference; lastKnownFileType = sourcecode.swift; path = LoginViewController.swift; sourceTree = "<group>"; };
		30E8BDFF21B4F30800791C1E /* TeamsTableViewController.swift */ = {isa = PBXFileReference; lastKnownFileType = sourcecode.swift; path = TeamsTableViewController.swift; sourceTree = "<group>"; };
		30E8BE0121B5189800791C1E /* QuestionCell.swift */ = {isa = PBXFileReference; lastKnownFileType = sourcecode.swift; path = QuestionCell.swift; sourceTree = "<group>"; };
		30E8BE0321B519FB00791C1E /* Result.swift */ = {isa = PBXFileReference; lastKnownFileType = sourcecode.swift; path = Result.swift; sourceTree = "<group>"; };
		30E8BE0721B51E0E00791C1E /* SurveyTableViewController.swift */ = {isa = PBXFileReference; lastKnownFileType = sourcecode.swift; path = SurveyTableViewController.swift; sourceTree = "<group>"; };
		7034208B1399834A91C8E8EA /* Pods-ICPApp.debug.xcconfig */ = {isa = PBXFileReference; includeInIndex = 1; lastKnownFileType = text.xcconfig; name = "Pods-ICPApp.debug.xcconfig"; path = "Pods/Target Support Files/Pods-ICPApp/Pods-ICPApp.debug.xcconfig"; sourceTree = "<group>"; };
		9A883D5D1337EF56910EACF5 /* Pods_ICPApp.framework */ = {isa = PBXFileReference; explicitFileType = wrapper.framework; includeInIndex = 0; path = Pods_ICPApp.framework; sourceTree = BUILT_PRODUCTS_DIR; };
		B52CB924844809049B87B603 /* Pods-ICPApp.release.xcconfig */ = {isa = PBXFileReference; includeInIndex = 1; lastKnownFileType = text.xcconfig; name = "Pods-ICPApp.release.xcconfig"; path = "Pods/Target Support Files/Pods-ICPApp/Pods-ICPApp.release.xcconfig"; sourceTree = "<group>"; };
/* End PBXFileReference section */

/* Begin PBXFrameworksBuildPhase section */
		30E8BDE521B4C5AD00791C1E /* Frameworks */ = {
			isa = PBXFrameworksBuildPhase;
			buildActionMask = 2147483647;
			files = (
				52A8891EDE973CAC9FC564BC /* Pods_ICPApp.framework in Frameworks */,
			);
			runOnlyForDeploymentPostprocessing = 0;
		};
/* End PBXFrameworksBuildPhase section */

/* Begin PBXGroup section */
		1824D0438B03C5DE495B9E5D /* Frameworks */ = {
			isa = PBXGroup;
			children = (
				9A883D5D1337EF56910EACF5 /* Pods_ICPApp.framework */,
			);
			name = Frameworks;
			sourceTree = "<group>";
		};
		2F844ABEE9C45D9B8F7094D3 /* Pods */ = {
			isa = PBXGroup;
			children = (
				7034208B1399834A91C8E8EA /* Pods-ICPApp.debug.xcconfig */,
				B52CB924844809049B87B603 /* Pods-ICPApp.release.xcconfig */,
			);
			name = Pods;
			sourceTree = "<group>";
		};
		30E8BDDF21B4C5AD00791C1E = {
			isa = PBXGroup;
			children = (
				30E8BDEA21B4C5AD00791C1E /* ICPApp */,
				30E8BDE921B4C5AD00791C1E /* Products */,
				2F844ABEE9C45D9B8F7094D3 /* Pods */,
				1824D0438B03C5DE495B9E5D /* Frameworks */,
			);
			sourceTree = "<group>";
		};
		30E8BDE921B4C5AD00791C1E /* Products */ = {
			isa = PBXGroup;
			children = (
				30E8BDE821B4C5AD00791C1E /* ICPApp.app */,
			);
			name = Products;
			sourceTree = "<group>";
		};
		30E8BDEA21B4C5AD00791C1E /* ICPApp */ = {
			isa = PBXGroup;
			children = (
				30E8BDEB21B4C5AD00791C1E /* AppDelegate.swift */,
				30E8BDED21B4C5AD00791C1E /* ViewController.swift */,
				30E8BDEF21B4C5AD00791C1E /* Main.storyboard */,
				30E8BDF221B4C5AE00791C1E /* Assets.xcassets */,
				30E8BDF421B4C5AE00791C1E /* LaunchScreen.storyboard */,
				30E8BDF721B4C5AE00791C1E /* Info.plist */,
				30E8BDFD21B4DB1B00791C1E /* LoginViewController.swift */,
				30E8BDFF21B4F30800791C1E /* TeamsTableViewController.swift */,
				30E8BE0121B5189800791C1E /* QuestionCell.swift */,
				30E8BE0321B519FB00791C1E /* Result.swift */,
				30E8BE0721B51E0E00791C1E /* SurveyTableViewController.swift */,
			);
			path = ICPApp;
			sourceTree = "<group>";
		};
/* End PBXGroup section */

/* Begin PBXNativeTarget section */
		30E8BDE721B4C5AD00791C1E /* ICPApp */ = {
			isa = PBXNativeTarget;
			buildConfigurationList = 30E8BDFA21B4C5AE00791C1E /* Build configuration list for PBXNativeTarget "ICPApp" */;
			buildPhases = (
				F1FCF4B0559DFE5CBDF82799 /* [CP] Check Pods Manifest.lock */,
				30E8BDE421B4C5AD00791C1E /* Sources */,
				30E8BDE521B4C5AD00791C1E /* Frameworks */,
				30E8BDE621B4C5AD00791C1E /* Resources */,
				1A6665FA60F7C18C4D3CFCA1 /* [CP] Embed Pods Frameworks */,
			);
			buildRules = (
			);
			dependencies = (
			);
			name = ICPApp;
			productName = ICPApp;
			productReference = 30E8BDE821B4C5AD00791C1E /* ICPApp.app */;
			productType = "com.apple.product-type.application";
		};
/* End PBXNativeTarget section */

/* Begin PBXProject section */
		30E8BDE021B4C5AD00791C1E /* Project object */ = {
			isa = PBXProject;
			attributes = {
				LastSwiftUpdateCheck = 1010;
				LastUpgradeCheck = 1010;
				ORGANIZATIONNAME = "Ankit Kelkar";
				TargetAttributes = {
					30E8BDE721B4C5AD00791C1E = {
						CreatedOnToolsVersion = 10.1;
					};
				};
			};
			buildConfigurationList = 30E8BDE321B4C5AD00791C1E /* Build configuration list for PBXProject "ICPApp" */;
			compatibilityVersion = "Xcode 9.3";
			developmentRegion = en;
			hasScannedForEncodings = 0;
			knownRegions = (
				en,
				Base,
			);
			mainGroup = 30E8BDDF21B4C5AD00791C1E;
			productRefGroup = 30E8BDE921B4C5AD00791C1E /* Products */;
			projectDirPath = "";
			projectRoot = "";
			targets = (
				30E8BDE721B4C5AD00791C1E /* ICPApp */,
			);
		};
/* End PBXProject section */

/* Begin PBXResourcesBuildPhase section */
		30E8BDE621B4C5AD00791C1E /* Resources */ = {
			isa = PBXResourcesBuildPhase;
			buildActionMask = 2147483647;
			files = (
				30E8BDF621B4C5AE00791C1E /* LaunchScreen.storyboard in Resources */,
				30E8BDF321B4C5AE00791C1E /* Assets.xcassets in Resources */,
				30E8BDF121B4C5AD00791C1E /* Main.storyboard in Resources */,
			);
			runOnlyForDeploymentPostprocessing = 0;
		};
/* End PBXResourcesBuildPhase section */

/* Begin PBXShellScriptBuildPhase section */
		1A6665FA60F7C18C4D3CFCA1 /* [CP] Embed Pods Frameworks */ = {
			isa = PBXShellScriptBuildPhase;
			buildActionMask = 2147483647;
			files = (
			);
			inputFileListPaths = (
			);
			inputPaths = (
				"${SRCROOT}/Pods/Target Support Files/Pods-ICPApp/Pods-ICPApp-frameworks.sh",
				"${BUILT_PRODUCTS_DIR}/Alamofire/Alamofire.framework",
				"${BUILT_PRODUCTS_DIR}/QRCodeReader.swift/QRCodeReader.framework",
				"${BUILT_PRODUCTS_DIR}/SwiftyJSON/SwiftyJSON.framework",
			);
			name = "[CP] Embed Pods Frameworks";
			outputFileListPaths = (
			);
			outputPaths = (
				"${TARGET_BUILD_DIR}/${FRAMEWORKS_FOLDER_PATH}/Alamofire.framework",
				"${TARGET_BUILD_DIR}/${FRAMEWORKS_FOLDER_PATH}/QRCodeReader.framework",
				"${TARGET_BUILD_DIR}/${FRAMEWORKS_FOLDER_PATH}/SwiftyJSON.framework",
			);
			runOnlyForDeploymentPostprocessing = 0;
			shellPath = /bin/sh;
			shellScript = "\"${SRCROOT}/Pods/Target Support Files/Pods-ICPApp/Pods-ICPApp-frameworks.sh\"\n";
			showEnvVarsInLog = 0;
		};
		F1FCF4B0559DFE5CBDF82799 /* [CP] Check Pods Manifest.lock */ = {
			isa = PBXShellScriptBuildPhase;
			buildActionMask = 2147483647;
			files = (
			);
			inputFileListPaths = (
			);
			inputPaths = (
				"${PODS_PODFILE_DIR_PATH}/Podfile.lock",
				"${PODS_ROOT}/Manifest.lock",
			);
			name = "[CP] Check Pods Manifest.lock";
			outputFileListPaths = (
			);
			outputPaths = (
				"$(DERIVED_FILE_DIR)/Pods-ICPApp-checkManifestLockResult.txt",
			);
			runOnlyForDeploymentPostprocessing = 0;
			shellPath = /bin/sh;
			shellScript = "diff \"${PODS_PODFILE_DIR_PATH}/Podfile.lock\" \"${PODS_ROOT}/Manifest.lock\" > /dev/null\nif [ $? != 0 ] ; then\n    # print error to STDERR\n    echo \"error: The sandbox is not in sync with the Podfile.lock. Run 'pod install' or update your CocoaPods installation.\" >&2\n    exit 1\nfi\n# This output is used by Xcode 'outputs' to avoid re-running this script phase.\necho \"SUCCESS\" > \"${SCRIPT_OUTPUT_FILE_0}\"\n";
			showEnvVarsInLog = 0;
		};
/* End PBXShellScriptBuildPhase section */

/* Begin PBXSourcesBuildPhase section */
		30E8BDE421B4C5AD00791C1E /* Sources */ = {
			isa = PBXSourcesBuildPhase;
			buildActionMask = 2147483647;
			files = (
				30E8BE0421B519FB00791C1E /* Result.swift in Sources */,
				30E8BDFE21B4DB1B00791C1E /* LoginViewController.swift in Sources */,
				30E8BDEE21B4C5AD00791C1E /* ViewController.swift in Sources */,
				30E8BE0021B4F30800791C1E /* TeamsTableViewController.swift in Sources */,
				30E8BE0821B51E0F00791C1E /* SurveyTableViewController.swift in Sources */,
				30E8BDEC21B4C5AD00791C1E /* AppDelegate.swift in Sources */,
				30E8BE0221B5189800791C1E /* QuestionCell.swift in Sources */,
			);
			runOnlyForDeploymentPostprocessing = 0;
		};
/* End PBXSourcesBuildPhase section */

/* Begin PBXVariantGroup section */
		30E8BDEF21B4C5AD00791C1E /* Main.storyboard */ = {
			isa = PBXVariantGroup;
			children = (
				30E8BDF021B4C5AD00791C1E /* Base */,
			);
			name = Main.storyboard;
			sourceTree = "<group>";
		};
		30E8BDF421B4C5AE00791C1E /* LaunchScreen.storyboard */ = {
			isa = PBXVariantGroup;
			children = (
				30E8BDF521B4C5AE00791C1E /* Base */,
			);
			name = LaunchScreen.storyboard;
			sourceTree = "<group>";
		};
/* End PBXVariantGroup section */

/* Begin XCBuildConfiguration section */
		30E8BDF821B4C5AE00791C1E /* Debug */ = {
			isa = XCBuildConfiguration;
			buildSettings = {
				ALWAYS_SEARCH_USER_PATHS = NO;
				CLANG_ANALYZER_NONNULL = YES;
				CLANG_ANALYZER_NUMBER_OBJECT_CONVERSION = YES_AGGRESSIVE;
				CLANG_CXX_LANGUAGE_STANDARD = "gnu++14";
				CLANG_CXX_LIBRARY = "libc++";
				CLANG_ENABLE_MODULES = YES;
				CLANG_ENABLE_OBJC_ARC = YES;
				CLANG_ENABLE_OBJC_WEAK = YES;
				CLANG_WARN_BLOCK_CAPTURE_AUTORELEASING = YES;
				CLANG_WARN_BOOL_CONVERSION = YES;
				CLANG_WARN_COMMA = YES;
				CLANG_WARN_CONSTANT_CONVERSION = YES;
				CLANG_WARN_DEPRECATED_OBJC_IMPLEMENTATIONS = YES;
				CLANG_WARN_DIRECT_OBJC_ISA_USAGE = YES_ERROR;
				CLANG_WARN_DOCUMENTATION_COMMENTS = YES;
				CLANG_WARN_EMPTY_BODY = YES;
				CLANG_WARN_ENUM_CONVERSION = YES;
				CLANG_WARN_INFINITE_RECURSION = YES;
				CLANG_WARN_INT_CONVERSION = YES;
				CLANG_WARN_NON_LITERAL_NULL_CONVERSION = YES;
				CLANG_WARN_OBJC_IMPLICIT_RETAIN_SELF = YES;
				CLANG_WARN_OBJC_LITERAL_CONVERSION = YES;
				CLANG_WARN_OBJC_ROOT_CLASS = YES_ERROR;
				CLANG_WARN_RANGE_LOOP_ANALYSIS = YES;
				CLANG_WARN_STRICT_PROTOTYPES = YES;
				CLANG_WARN_SUSPICIOUS_MOVE = YES;
				CLANG_WARN_UNGUARDED_AVAILABILITY = YES_AGGRESSIVE;
				CLANG_WARN_UNREACHABLE_CODE = YES;
				CLANG_WARN__DUPLICATE_METHOD_MATCH = YES;
				CODE_SIGN_IDENTITY = "iPhone Developer";
				COPY_PHASE_STRIP = NO;
				DEBUG_INFORMATION_FORMAT = dwarf;
				ENABLE_STRICT_OBJC_MSGSEND = YES;
				ENABLE_TESTABILITY = YES;
				GCC_C_LANGUAGE_STANDARD = gnu11;
				GCC_DYNAMIC_NO_PIC = NO;
				GCC_NO_COMMON_BLOCKS = YES;
				GCC_OPTIMIZATION_LEVEL = 0;
				GCC_PREPROCESSOR_DEFINITIONS = (
					"DEBUG=1",
					"$(inherited)",
				);
				GCC_WARN_64_TO_32_BIT_CONVERSION = YES;
				GCC_WARN_ABOUT_RETURN_TYPE = YES_ERROR;
				GCC_WARN_UNDECLARED_SELECTOR = YES;
				GCC_WARN_UNINITIALIZED_AUTOS = YES_AGGRESSIVE;
				GCC_WARN_UNUSED_FUNCTION = YES;
				GCC_WARN_UNUSED_VARIABLE = YES;
				IPHONEOS_DEPLOYMENT_TARGET = 12.1;
				MTL_ENABLE_DEBUG_INFO = INCLUDE_SOURCE;
				MTL_FAST_MATH = YES;
				ONLY_ACTIVE_ARCH = YES;
				SDKROOT = iphoneos;
				SWIFT_ACTIVE_COMPILATION_CONDITIONS = DEBUG;
				SWIFT_OPTIMIZATION_LEVEL = "-Onone";
			};
			name = Debug;
		};
		30E8BDF921B4C5AE00791C1E /* Release */ = {
			isa = XCBuildConfiguration;
			buildSettings = {
				ALWAYS_SEARCH_USER_PATHS = NO;
				CLANG_ANALYZER_NONNULL = YES;
				CLANG_ANALYZER_NUMBER_OBJECT_CONVERSION = YES_AGGRESSIVE;
				CLANG_CXX_LANGUAGE_STANDARD = "gnu++14";
				CLANG_CXX_LIBRARY = "libc++";
				CLANG_ENABLE_MODULES = YES;
				CLANG_ENABLE_OBJC_ARC = YES;
				CLANG_ENABLE_OBJC_WEAK = YES;
				CLANG_WARN_BLOCK_CAPTURE_AUTORELEASING = YES;
				CLANG_WARN_BOOL_CONVERSION = YES;
				CLANG_WARN_COMMA = YES;
				CLANG_WARN_CONSTANT_CONVERSION = YES;
				CLANG_WARN_DEPRECATED_OBJC_IMPLEMENTATIONS = YES;
				CLANG_WARN_DIRECT_OBJC_ISA_USAGE = YES_ERROR;
				CLANG_WARN_DOCUMENTATION_COMMENTS = YES;
				CLANG_WARN_EMPTY_BODY = YES;
				CLANG_WARN_ENUM_CONVERSION = YES;
				CLANG_WARN_INFINITE_RECURSION = YES;
				CLANG_WARN_INT_CONVERSION = YES;
				CLANG_WARN_NON_LITERAL_NULL_CONVERSION = YES;
				CLANG_WARN_OBJC_IMPLICIT_RETAIN_SELF = YES;
				CLANG_WARN_OBJC_LITERAL_CONVERSION = YES;
				CLANG_WARN_OBJC_ROOT_CLASS = YES_ERROR;
				CLANG_WARN_RANGE_LOOP_ANALYSIS = YES;
				CLANG_WARN_STRICT_PROTOTYPES = YES;
				CLANG_WARN_SUSPICIOUS_MOVE = YES;
				CLANG_WARN_UNGUARDED_AVAILABILITY = YES_AGGRESSIVE;
				CLANG_WARN_UNREACHABLE_CODE = YES;
				CLANG_WARN__DUPLICATE_METHOD_MATCH = YES;
				CODE_SIGN_IDENTITY = "iPhone Developer";
				COPY_PHASE_STRIP = NO;
				DEBUG_INFORMATION_FORMAT = "dwarf-with-dsym";
				ENABLE_NS_ASSERTIONS = NO;
				ENABLE_STRICT_OBJC_MSGSEND = YES;
				GCC_C_LANGUAGE_STANDARD = gnu11;
				GCC_NO_COMMON_BLOCKS = YES;
				GCC_WARN_64_TO_32_BIT_CONVERSION = YES;
				GCC_WARN_ABOUT_RETURN_TYPE = YES_ERROR;
				GCC_WARN_UNDECLARED_SELECTOR = YES;
				GCC_WARN_UNINITIALIZED_AUTOS = YES_AGGRESSIVE;
				GCC_WARN_UNUSED_FUNCTION = YES;
				GCC_WARN_UNUSED_VARIABLE = YES;
				IPHONEOS_DEPLOYMENT_TARGET = 12.1;
				MTL_ENABLE_DEBUG_INFO = NO;
				MTL_FAST_MATH = YES;
				SDKROOT = iphoneos;
				SWIFT_COMPILATION_MODE = wholemodule;
				SWIFT_OPTIMIZATION_LEVEL = "-O";
				VALIDATE_PRODUCT = YES;
			};
			name = Release;
		};
		30E8BDFB21B4C5AE00791C1E /* Debug */ = {
			isa = XCBuildConfiguration;
			baseConfigurationReference = 7034208B1399834A91C8E8EA /* Pods-ICPApp.debug.xcconfig */;
			buildSettings = {
				ASSETCATALOG_COMPILER_APPICON_NAME = AppIcon;
				CODE_SIGN_STYLE = Automatic;
				DEVELOPMENT_TEAM = 65B2WWF9L5;
				INFOPLIST_FILE = ICPApp/Info.plist;
				LD_RUNPATH_SEARCH_PATHS = (
					"$(inherited)",
					"@executable_path/Frameworks",
				);
				PRODUCT_BUNDLE_IDENTIFIER = com.cci.icp.ICPApp;
				PRODUCT_NAME = "$(TARGET_NAME)";
				SWIFT_VERSION = 4.2;
				TARGETED_DEVICE_FAMILY = "1,2";
			};
			name = Debug;
		};
		30E8BDFC21B4C5AE00791C1E /* Release */ = {
			isa = XCBuildConfiguration;
			baseConfigurationReference = B52CB924844809049B87B603 /* Pods-ICPApp.release.xcconfig */;
			buildSettings = {
				ASSETCATALOG_COMPILER_APPICON_NAME = AppIcon;
				CODE_SIGN_STYLE = Automatic;
				DEVELOPMENT_TEAM = 65B2WWF9L5;
				INFOPLIST_FILE = ICPApp/Info.plist;
				LD_RUNPATH_SEARCH_PATHS = (
					"$(inherited)",
					"@executable_path/Frameworks",
				);
				PRODUCT_BUNDLE_IDENTIFIER = com.cci.icp.ICPApp;
				PRODUCT_NAME = "$(TARGET_NAME)";
				SWIFT_VERSION = 4.2;
				TARGETED_DEVICE_FAMILY = "1,2";
			};
			name = Release;
		};
/* End XCBuildConfiguration section */

/* Begin XCConfigurationList section */
		30E8BDE321B4C5AD00791C1E /* Build configuration list for PBXProject "ICPApp" */ = {
			isa = XCConfigurationList;
			buildConfigurations = (
				30E8BDF821B4C5AE00791C1E /* Debug */,
				30E8BDF921B4C5AE00791C1E /* Release */,
			);
			defaultConfigurationIsVisible = 0;
			defaultConfigurationName = Release;
		};
		30E8BDFA21B4C5AE00791C1E /* Build configuration list for PBXNativeTarget "ICPApp" */ = {
			isa = XCConfigurationList;
			buildConfigurations = (
				30E8BDFB21B4C5AE00791C1E /* Debug */,
				30E8BDFC21B4C5AE00791C1E /* Release */,
			);
			defaultConfigurationIsVisible = 0;
			defaultConfigurationName = Release;
		};
/* End XCConfigurationList section */
	};
	rootObject = 30E8BDE021B4C5AD00791C1E /* Project object */;
}
